// !$*UTF8*$!
{
	archiveVersion = 1;
	classes = {
	};
	objectVersion = 51;
	objects = {

/* Begin PBXBuildFile section */
		701FFD4726E8466F00C47C21 /* AppDelegate.swift in Sources */ = {isa = PBXBuildFile; fileRef = 701FFD4626E8466F00C47C21 /* AppDelegate.swift */; };
		701FFD4926E8466F00C47C21 /* SceneDelegate.swift in Sources */ = {isa = PBXBuildFile; fileRef = 701FFD4826E8466F00C47C21 /* SceneDelegate.swift */; };
		701FFD4E26E8466F00C47C21 /* Main.storyboard in Resources */ = {isa = PBXBuildFile; fileRef = 701FFD4C26E8466F00C47C21 /* Main.storyboard */; };
		701FFD5126E8466F00C47C21 /* RxMemo.xcdatamodeld in Sources */ = {isa = PBXBuildFile; fileRef = 701FFD4F26E8466F00C47C21 /* RxMemo.xcdatamodeld */; };
		701FFD5326E8467300C47C21 /* Assets.xcassets in Resources */ = {isa = PBXBuildFile; fileRef = 701FFD5226E8467300C47C21 /* Assets.xcassets */; };
		701FFD5626E8467300C47C21 /* LaunchScreen.storyboard in Resources */ = {isa = PBXBuildFile; fileRef = 701FFD5426E8467300C47C21 /* LaunchScreen.storyboard */; };
		701FFD6326E84B4200C47C21 /* Memo.swift in Sources */ = {isa = PBXBuildFile; fileRef = 701FFD6226E84B4200C47C21 /* Memo.swift */; };
		701FFD6526E84E9700C47C21 /* MemoStorageType.swift in Sources */ = {isa = PBXBuildFile; fileRef = 701FFD6426E84E9700C47C21 /* MemoStorageType.swift */; };
		701FFD6926E8528100C47C21 /* MemoryStorage.swift in Sources */ = {isa = PBXBuildFile; fileRef = 701FFD6826E8528100C47C21 /* MemoryStorage.swift */; };
		701FFD6B26E8588B00C47C21 /* MemoListViewController.swift in Sources */ = {isa = PBXBuildFile; fileRef = 701FFD6A26E8588B00C47C21 /* MemoListViewController.swift */; };
		701FFD6D26E858AF00C47C21 /* MemoDetailViewController.swift in Sources */ = {isa = PBXBuildFile; fileRef = 701FFD6C26E858AF00C47C21 /* MemoDetailViewController.swift */; };
		701FFD6F26E858D200C47C21 /* MemoComposeViewController.swift in Sources */ = {isa = PBXBuildFile; fileRef = 701FFD6E26E858D200C47C21 /* MemoComposeViewController.swift */; };
		CFEA1712BD559AE07995C2F5 /* Pods_RxMemo.framework in Frameworks */ = {isa = PBXBuildFile; fileRef = AA3E16FB7584E0B468FCA785 /* Pods_RxMemo.framework */; };
/* End PBXBuildFile section */

/* Begin PBXFileReference section */
		256856D928922639C01E3D37 /* Pods-RxMemo.release.xcconfig */ = {isa = PBXFileReference; includeInIndex = 1; lastKnownFileType = text.xcconfig; name = "Pods-RxMemo.release.xcconfig"; path = "Target Support Files/Pods-RxMemo/Pods-RxMemo.release.xcconfig"; sourceTree = "<group>"; };
		701FFD4326E8466F00C47C21 /* RxMemo.app */ = {isa = PBXFileReference; explicitFileType = wrapper.application; includeInIndex = 0; path = RxMemo.app; sourceTree = BUILT_PRODUCTS_DIR; };
		701FFD4626E8466F00C47C21 /* AppDelegate.swift */ = {isa = PBXFileReference; lastKnownFileType = sourcecode.swift; path = AppDelegate.swift; sourceTree = "<group>"; };
		701FFD4826E8466F00C47C21 /* SceneDelegate.swift */ = {isa = PBXFileReference; lastKnownFileType = sourcecode.swift; path = SceneDelegate.swift; sourceTree = "<group>"; };
		701FFD4D26E8466F00C47C21 /* Base */ = {isa = PBXFileReference; lastKnownFileType = file.storyboard; name = Base; path = Base.lproj/Main.storyboard; sourceTree = "<group>"; };
		701FFD5026E8466F00C47C21 /* RxMemo.xcdatamodel */ = {isa = PBXFileReference; lastKnownFileType = wrapper.xcdatamodel; path = RxMemo.xcdatamodel; sourceTree = "<group>"; };
		701FFD5226E8467300C47C21 /* Assets.xcassets */ = {isa = PBXFileReference; lastKnownFileType = folder.assetcatalog; path = Assets.xcassets; sourceTree = "<group>"; };
		701FFD5526E8467300C47C21 /* Base */ = {isa = PBXFileReference; lastKnownFileType = file.storyboard; name = Base; path = Base.lproj/LaunchScreen.storyboard; sourceTree = "<group>"; };
		701FFD5726E8467300C47C21 /* Info.plist */ = {isa = PBXFileReference; lastKnownFileType = text.plist.xml; path = Info.plist; sourceTree = "<group>"; };
		701FFD6226E84B4200C47C21 /* Memo.swift */ = {isa = PBXFileReference; lastKnownFileType = sourcecode.swift; path = Memo.swift; sourceTree = "<group>"; };
		701FFD6426E84E9700C47C21 /* MemoStorageType.swift */ = {isa = PBXFileReference; lastKnownFileType = sourcecode.swift; path = MemoStorageType.swift; sourceTree = "<group>"; };
		701FFD6826E8528100C47C21 /* MemoryStorage.swift */ = {isa = PBXFileReference; lastKnownFileType = sourcecode.swift; path = MemoryStorage.swift; sourceTree = "<group>"; };
		701FFD6A26E8588B00C47C21 /* MemoListViewController.swift */ = {isa = PBXFileReference; lastKnownFileType = sourcecode.swift; path = MemoListViewController.swift; sourceTree = "<group>"; };
		701FFD6C26E858AF00C47C21 /* MemoDetailViewController.swift */ = {isa = PBXFileReference; lastKnownFileType = sourcecode.swift; path = MemoDetailViewController.swift; sourceTree = "<group>"; };
		701FFD6E26E858D200C47C21 /* MemoComposeViewController.swift */ = {isa = PBXFileReference; lastKnownFileType = sourcecode.swift; path = MemoComposeViewController.swift; sourceTree = "<group>"; };
		AA3E16FB7584E0B468FCA785 /* Pods_RxMemo.framework */ = {isa = PBXFileReference; explicitFileType = wrapper.framework; includeInIndex = 0; path = Pods_RxMemo.framework; sourceTree = BUILT_PRODUCTS_DIR; };
		E24CADAFFA3C1AF81E27E7E0 /* Pods-RxMemo.debug.xcconfig */ = {isa = PBXFileReference; includeInIndex = 1; lastKnownFileType = text.xcconfig; name = "Pods-RxMemo.debug.xcconfig"; path = "Target Support Files/Pods-RxMemo/Pods-RxMemo.debug.xcconfig"; sourceTree = "<group>"; };
/* End PBXFileReference section */

/* Begin PBXFrameworksBuildPhase section */
		701FFD4026E8466F00C47C21 /* Frameworks */ = {
			isa = PBXFrameworksBuildPhase;
			buildActionMask = 2147483647;
			files = (
				CFEA1712BD559AE07995C2F5 /* Pods_RxMemo.framework in Frameworks */,
			);
			runOnlyForDeploymentPostprocessing = 0;
		};
/* End PBXFrameworksBuildPhase section */

/* Begin PBXGroup section */
		701FFD3A26E8466F00C47C21 = {
			isa = PBXGroup;
			children = (
				701FFD4526E8466F00C47C21 /* RxMemo */,
				701FFD4426E8466F00C47C21 /* Products */,
				A7A2A08D060F5859B728DD29 /* Pods */,
				E5437869A734EE2B74E71968 /* Frameworks */,
			);
			sourceTree = "<group>";
		};
		701FFD4426E8466F00C47C21 /* Products */ = {
			isa = PBXGroup;
			children = (
				701FFD4326E8466F00C47C21 /* RxMemo.app */,
			);
			name = Products;
			sourceTree = "<group>";
		};
		701FFD4526E8466F00C47C21 /* RxMemo */ = {
			isa = PBXGroup;
			children = (
				701FFD6126E84A4600C47C21 /* Scene */,
				701FFD6026E84A2000C47C21 /* Service */,
				701FFD5F26E84A1400C47C21 /* ViewModel */,
				701FFD5E26E84A0000C47C21 /* ViewController */,
				701FFD5D26E849E300C47C21 /* Model */,
				701FFD4626E8466F00C47C21 /* AppDelegate.swift */,
				701FFD4826E8466F00C47C21 /* SceneDelegate.swift */,
				701FFD5226E8467300C47C21 /* Assets.xcassets */,
				701FFD5726E8467300C47C21 /* Info.plist */,
			);
			path = RxMemo;
			sourceTree = "<group>";
		};
		701FFD5D26E849E300C47C21 /* Model */ = {
			isa = PBXGroup;
			children = (
				701FFD6226E84B4200C47C21 /* Memo.swift */,
			);
			path = Model;
			sourceTree = "<group>";
		};
		701FFD5E26E84A0000C47C21 /* ViewController */ = {
			isa = PBXGroup;
			children = (
				701FFD4C26E8466F00C47C21 /* Main.storyboard */,
				701FFD5426E8467300C47C21 /* LaunchScreen.storyboard */,
				701FFD6A26E8588B00C47C21 /* MemoListViewController.swift */,
				701FFD6C26E858AF00C47C21 /* MemoDetailViewController.swift */,
				701FFD6E26E858D200C47C21 /* MemoComposeViewController.swift */,
			);
			path = ViewController;
			sourceTree = "<group>";
		};
		701FFD5F26E84A1400C47C21 /* ViewModel */ = {
			isa = PBXGroup;
			children = (
			);
			path = ViewModel;
			sourceTree = "<group>";
		};
		701FFD6026E84A2000C47C21 /* Service */ = {
			isa = PBXGroup;
			children = (
				701FFD6726E8525A00C47C21 /* CoreDataStorage */,
				701FFD6626E8525000C47C21 /* MemoryStorage */,
				701FFD6426E84E9700C47C21 /* MemoStorageType.swift */,
			);
			path = Service;
			sourceTree = "<group>";
		};
		701FFD6126E84A4600C47C21 /* Scene */ = {
			isa = PBXGroup;
			children = (
			);
			path = Scene;
			sourceTree = "<group>";
		};
		701FFD6626E8525000C47C21 /* MemoryStorage */ = {
			isa = PBXGroup;
			children = (
				701FFD6826E8528100C47C21 /* MemoryStorage.swift */,
			);
			path = MemoryStorage;
			sourceTree = "<group>";
		};
		701FFD6726E8525A00C47C21 /* CoreDataStorage */ = {
			isa = PBXGroup;
			children = (
				701FFD4F26E8466F00C47C21 /* RxMemo.xcdatamodeld */,
			);
			path = CoreDataStorage;
			sourceTree = "<group>";
		};
		A7A2A08D060F5859B728DD29 /* Pods */ = {
			isa = PBXGroup;
			children = (
				E24CADAFFA3C1AF81E27E7E0 /* Pods-RxMemo.debug.xcconfig */,
				256856D928922639C01E3D37 /* Pods-RxMemo.release.xcconfig */,
			);
			path = Pods;
			sourceTree = "<group>";
		};
		E5437869A734EE2B74E71968 /* Frameworks */ = {
			isa = PBXGroup;
			children = (
				AA3E16FB7584E0B468FCA785 /* Pods_RxMemo.framework */,
			);
			name = Frameworks;
			sourceTree = "<group>";
		};
/* End PBXGroup section */

/* Begin PBXNativeTarget section */
		701FFD4226E8466F00C47C21 /* RxMemo */ = {
			isa = PBXNativeTarget;
			buildConfigurationList = 701FFD5A26E8467300C47C21 /* Build configuration list for PBXNativeTarget "RxMemo" */;
			buildPhases = (
				760FA3D9C576706E6AD03406 /* [CP] Check Pods Manifest.lock */,
				701FFD3F26E8466F00C47C21 /* Sources */,
				701FFD4026E8466F00C47C21 /* Frameworks */,
				701FFD4126E8466F00C47C21 /* Resources */,
				585E95548DA5660A812082E6 /* [CP] Embed Pods Frameworks */,
			);
			buildRules = (
			);
			dependencies = (
			);
			name = RxMemo;
			productName = RxMemo;
			productReference = 701FFD4326E8466F00C47C21 /* RxMemo.app */;
			productType = "com.apple.product-type.application";
		};
/* End PBXNativeTarget section */

/* Begin PBXProject section */
		701FFD3B26E8466F00C47C21 /* Project object */ = {
			isa = PBXProject;
			attributes = {
				LastSwiftUpdateCheck = 1250;
				LastUpgradeCheck = 1250;
				TargetAttributes = {
					701FFD4226E8466F00C47C21 = {
						CreatedOnToolsVersion = 12.5.1;
					};
				};
			};
			buildConfigurationList = 701FFD3E26E8466F00C47C21 /* Build configuration list for PBXProject "RxMemo" */;
			compatibilityVersion = "Xcode 9.3";
			developmentRegion = en;
			hasScannedForEncodings = 0;
			knownRegions = (
				en,
				Base,
			);
			mainGroup = 701FFD3A26E8466F00C47C21;
			productRefGroup = 701FFD4426E8466F00C47C21 /* Products */;
			projectDirPath = "";
			projectRoot = "";
			targets = (
				701FFD4226E8466F00C47C21 /* RxMemo */,
			);
		};
/* End PBXProject section */

/* Begin PBXResourcesBuildPhase section */
		701FFD4126E8466F00C47C21 /* Resources */ = {
			isa = PBXResourcesBuildPhase;
			buildActionMask = 2147483647;
			files = (
				701FFD5626E8467300C47C21 /* LaunchScreen.storyboard in Resources */,
				701FFD5326E8467300C47C21 /* Assets.xcassets in Resources */,
				701FFD4E26E8466F00C47C21 /* Main.storyboard in Resources */,
			);
			runOnlyForDeploymentPostprocessing = 0;
		};
/* End PBXResourcesBuildPhase section */

/* Begin PBXShellScriptBuildPhase section */
		585E95548DA5660A812082E6 /* [CP] Embed Pods Frameworks */ = {
			isa = PBXShellScriptBuildPhase;
			buildActionMask = 2147483647;
			files = (
			);
			inputFileListPaths = (
				"${PODS_ROOT}/Target Support Files/Pods-RxMemo/Pods-RxMemo-frameworks-${CONFIGURATION}-input-files.xcfilelist",
			);
			name = "[CP] Embed Pods Frameworks";
			outputFileListPaths = (
				"${PODS_ROOT}/Target Support Files/Pods-RxMemo/Pods-RxMemo-frameworks-${CONFIGURATION}-output-files.xcfilelist",
			);
			runOnlyForDeploymentPostprocessing = 0;
			shellPath = /bin/sh;
			shellScript = "\"${PODS_ROOT}/Target Support Files/Pods-RxMemo/Pods-RxMemo-frameworks.sh\"\n";
			showEnvVarsInLog = 0;
		};
		760FA3D9C576706E6AD03406 /* [CP] Check Pods Manifest.lock */ = {
			isa = PBXShellScriptBuildPhase;
			buildActionMask = 2147483647;
			files = (
			);
			inputFileListPaths = (
			);
			inputPaths = (
				"${PODS_PODFILE_DIR_PATH}/Podfile.lock",
				"${PODS_ROOT}/Manifest.lock",
			);
			name = "[CP] Check Pods Manifest.lock";
			outputFileListPaths = (
			);
			outputPaths = (
				"$(DERIVED_FILE_DIR)/Pods-RxMemo-checkManifestLockResult.txt",
			);
			runOnlyForDeploymentPostprocessing = 0;
			shellPath = /bin/sh;
			shellScript = "diff \"${PODS_PODFILE_DIR_PATH}/Podfile.lock\" \"${PODS_ROOT}/Manifest.lock\" > /dev/null\nif [ $? != 0 ] ; then\n    # print error to STDERR\n    echo \"error: The sandbox is not in sync with the Podfile.lock. Run 'pod install' or update your CocoaPods installation.\" >&2\n    exit 1\nfi\n# This output is used by Xcode 'outputs' to avoid re-running this script phase.\necho \"SUCCESS\" > \"${SCRIPT_OUTPUT_FILE_0}\"\n";
			showEnvVarsInLog = 0;
		};
/* End PBXShellScriptBuildPhase section */

/* Begin PBXSourcesBuildPhase section */
		701FFD3F26E8466F00C47C21 /* Sources */ = {
			isa = PBXSourcesBuildPhase;
			buildActionMask = 2147483647;
			files = (
				701FFD6926E8528100C47C21 /* MemoryStorage.swift in Sources */,
				701FFD6D26E858AF00C47C21 /* MemoDetailViewController.swift in Sources */,
				701FFD4726E8466F00C47C21 /* AppDelegate.swift in Sources */,
				701FFD6526E84E9700C47C21 /* MemoStorageType.swift in Sources */,
				701FFD4926E8466F00C47C21 /* SceneDelegate.swift in Sources */,
				701FFD5126E8466F00C47C21 /* RxMemo.xcdatamodeld in Sources */,
				701FFD6B26E8588B00C47C21 /* MemoListViewController.swift in Sources */,
				701FFD6F26E858D200C47C21 /* MemoComposeViewController.swift in Sources */,
				701FFD6326E84B4200C47C21 /* Memo.swift in Sources */,
			);
			runOnlyForDeploymentPostprocessing = 0;
		};
/* End PBXSourcesBuildPhase section */

/* Begin PBXVariantGroup section */
		701FFD4C26E8466F00C47C21 /* Main.storyboard */ = {
			isa = PBXVariantGroup;
			children = (
				701FFD4D26E8466F00C47C21 /* Base */,
			);
			name = Main.storyboard;
			sourceTree = "<group>";
		};
		701FFD5426E8467300C47C21 /* LaunchScreen.storyboard */ = {
			isa = PBXVariantGroup;
			children = (
				701FFD5526E8467300C47C21 /* Base */,
			);
			name = LaunchScreen.storyboard;
			sourceTree = "<group>";
		};
/* End PBXVariantGroup section */

/* Begin XCBuildConfiguration section */
		701FFD5826E8467300C47C21 /* Debug */ = {
			isa = XCBuildConfiguration;
			buildSettings = {
				ALWAYS_SEARCH_USER_PATHS = NO;
				CLANG_ANALYZER_NONNULL = YES;
				CLANG_ANALYZER_NUMBER_OBJECT_CONVERSION = YES_AGGRESSIVE;
				CLANG_CXX_LANGUAGE_STANDARD = "gnu++14";
				CLANG_CXX_LIBRARY = "libc++";
				CLANG_ENABLE_MODULES = YES;
				CLANG_ENABLE_OBJC_ARC = YES;
				CLANG_ENABLE_OBJC_WEAK = YES;
				CLANG_WARN_BLOCK_CAPTURE_AUTORELEASING = YES;
				CLANG_WARN_BOOL_CONVERSION = YES;
				CLANG_WARN_COMMA = YES;
				CLANG_WARN_CONSTANT_CONVERSION = YES;
				CLANG_WARN_DEPRECATED_OBJC_IMPLEMENTATIONS = YES;
				CLANG_WARN_DIRECT_OBJC_ISA_USAGE = YES_ERROR;
				CLANG_WARN_DOCUMENTATION_COMMENTS = YES;
				CLANG_WARN_EMPTY_BODY = YES;
				CLANG_WARN_ENUM_CONVERSION = YES;
				CLANG_WARN_INFINITE_RECURSION = YES;
				CLANG_WARN_INT_CONVERSION = YES;
				CLANG_WARN_NON_LITERAL_NULL_CONVERSION = YES;
				CLANG_WARN_OBJC_IMPLICIT_RETAIN_SELF = YES;
				CLANG_WARN_OBJC_LITERAL_CONVERSION = YES;
				CLANG_WARN_OBJC_ROOT_CLASS = YES_ERROR;
				CLANG_WARN_QUOTED_INCLUDE_IN_FRAMEWORK_HEADER = YES;
				CLANG_WARN_RANGE_LOOP_ANALYSIS = YES;
				CLANG_WARN_STRICT_PROTOTYPES = YES;
				CLANG_WARN_SUSPICIOUS_MOVE = YES;
				CLANG_WARN_UNGUARDED_AVAILABILITY = YES_AGGRESSIVE;
				CLANG_WARN_UNREACHABLE_CODE = YES;
				CLANG_WARN__DUPLICATE_METHOD_MATCH = YES;
				COPY_PHASE_STRIP = NO;
				DEBUG_INFORMATION_FORMAT = dwarf;
				ENABLE_STRICT_OBJC_MSGSEND = YES;
				ENABLE_TESTABILITY = YES;
				GCC_C_LANGUAGE_STANDARD = gnu11;
				GCC_DYNAMIC_NO_PIC = NO;
				GCC_NO_COMMON_BLOCKS = YES;
				GCC_OPTIMIZATION_LEVEL = 0;
				GCC_PREPROCESSOR_DEFINITIONS = (
					"DEBUG=1",
					"$(inherited)",
				);
				GCC_WARN_64_TO_32_BIT_CONVERSION = YES;
				GCC_WARN_ABOUT_RETURN_TYPE = YES_ERROR;
				GCC_WARN_UNDECLARED_SELECTOR = YES;
				GCC_WARN_UNINITIALIZED_AUTOS = YES_AGGRESSIVE;
				GCC_WARN_UNUSED_FUNCTION = YES;
				GCC_WARN_UNUSED_VARIABLE = YES;
				IPHONEOS_DEPLOYMENT_TARGET = 14.5;
				MTL_ENABLE_DEBUG_INFO = INCLUDE_SOURCE;
				MTL_FAST_MATH = YES;
				ONLY_ACTIVE_ARCH = YES;
				SDKROOT = iphoneos;
				SWIFT_ACTIVE_COMPILATION_CONDITIONS = DEBUG;
				SWIFT_OPTIMIZATION_LEVEL = "-Onone";
			};
			name = Debug;
		};
		701FFD5926E8467300C47C21 /* Release */ = {
			isa = XCBuildConfiguration;
			buildSettings = {
				ALWAYS_SEARCH_USER_PATHS = NO;
				CLANG_ANALYZER_NONNULL = YES;
				CLANG_ANALYZER_NUMBER_OBJECT_CONVERSION = YES_AGGRESSIVE;
				CLANG_CXX_LANGUAGE_STANDARD = "gnu++14";
				CLANG_CXX_LIBRARY = "libc++";
				CLANG_ENABLE_MODULES = YES;
				CLANG_ENABLE_OBJC_ARC = YES;
				CLANG_ENABLE_OBJC_WEAK = YES;
				CLANG_WARN_BLOCK_CAPTURE_AUTORELEASING = YES;
				CLANG_WARN_BOOL_CONVERSION = YES;
				CLANG_WARN_COMMA = YES;
				CLANG_WARN_CONSTANT_CONVERSION = YES;
				CLANG_WARN_DEPRECATED_OBJC_IMPLEMENTATIONS = YES;
				CLANG_WARN_DIRECT_OBJC_ISA_USAGE = YES_ERROR;
				CLANG_WARN_DOCUMENTATION_COMMENTS = YES;
				CLANG_WARN_EMPTY_BODY = YES;
				CLANG_WARN_ENUM_CONVERSION = YES;
				CLANG_WARN_INFINITE_RECURSION = YES;
				CLANG_WARN_INT_CONVERSION = YES;
				CLANG_WARN_NON_LITERAL_NULL_CONVERSION = YES;
				CLANG_WARN_OBJC_IMPLICIT_RETAIN_SELF = YES;
				CLANG_WARN_OBJC_LITERAL_CONVERSION = YES;
				CLANG_WARN_OBJC_ROOT_CLASS = YES_ERROR;
				CLANG_WARN_QUOTED_INCLUDE_IN_FRAMEWORK_HEADER = YES;
				CLANG_WARN_RANGE_LOOP_ANALYSIS = YES;
				CLANG_WARN_STRICT_PROTOTYPES = YES;
				CLANG_WARN_SUSPICIOUS_MOVE = YES;
				CLANG_WARN_UNGUARDED_AVAILABILITY = YES_AGGRESSIVE;
				CLANG_WARN_UNREACHABLE_CODE = YES;
				CLANG_WARN__DUPLICATE_METHOD_MATCH = YES;
				COPY_PHASE_STRIP = NO;
				DEBUG_INFORMATION_FORMAT = "dwarf-with-dsym";
				ENABLE_NS_ASSERTIONS = NO;
				ENABLE_STRICT_OBJC_MSGSEND = YES;
				GCC_C_LANGUAGE_STANDARD = gnu11;
				GCC_NO_COMMON_BLOCKS = YES;
				GCC_WARN_64_TO_32_BIT_CONVERSION = YES;
				GCC_WARN_ABOUT_RETURN_TYPE = YES_ERROR;
				GCC_WARN_UNDECLARED_SELECTOR = YES;
				GCC_WARN_UNINITIALIZED_AUTOS = YES_AGGRESSIVE;
				GCC_WARN_UNUSED_FUNCTION = YES;
				GCC_WARN_UNUSED_VARIABLE = YES;
				IPHONEOS_DEPLOYMENT_TARGET = 14.5;
				MTL_ENABLE_DEBUG_INFO = NO;
				MTL_FAST_MATH = YES;
				SDKROOT = iphoneos;
				SWIFT_COMPILATION_MODE = wholemodule;
				SWIFT_OPTIMIZATION_LEVEL = "-O";
				VALIDATE_PRODUCT = YES;
			};
			name = Release;
		};
		701FFD5B26E8467300C47C21 /* Debug */ = {
			isa = XCBuildConfiguration;
			baseConfigurationReference = E24CADAFFA3C1AF81E27E7E0 /* Pods-RxMemo.debug.xcconfig */;
			buildSettings = {
				ASSETCATALOG_COMPILER_APPICON_NAME = AppIcon;
				ASSETCATALOG_COMPILER_GLOBAL_ACCENT_COLOR_NAME = AccentColor;
				CODE_SIGN_STYLE = Automatic;
				DEVELOPMENT_TEAM = 6925UVH9D7;
				INFOPLIST_FILE = RxMemo/Info.plist;
				LD_RUNPATH_SEARCH_PATHS = (
					"$(inherited)",
					"@executable_path/Frameworks",
				);
				PRODUCT_BUNDLE_IDENTIFIER = com.jenny.RxMemo;
				PRODUCT_NAME = "$(TARGET_NAME)";
				SWIFT_VERSION = 5.0;
				TARGETED_DEVICE_FAMILY = "1,2";
			};
			name = Debug;
		};
		701FFD5C26E8467300C47C21 /* Release */ = {
			isa = XCBuildConfiguration;
			baseConfigurationReference = 256856D928922639C01E3D37 /* Pods-RxMemo.release.xcconfig */;
			buildSettings = {
				ASSETCATALOG_COMPILER_APPICON_NAME = AppIcon;
				ASSETCATALOG_COMPILER_GLOBAL_ACCENT_COLOR_NAME = AccentColor;
				CODE_SIGN_STYLE = Automatic;
				DEVELOPMENT_TEAM = 6925UVH9D7;
				INFOPLIST_FILE = RxMemo/Info.plist;
				LD_RUNPATH_SEARCH_PATHS = (
					"$(inherited)",
					"@executable_path/Frameworks",
				);
				PRODUCT_BUNDLE_IDENTIFIER = com.jenny.RxMemo;
				PRODUCT_NAME = "$(TARGET_NAME)";
				SWIFT_VERSION = 5.0;
				TARGETED_DEVICE_FAMILY = "1,2";
			};
			name = Release;
		};
/* End XCBuildConfiguration section */

/* Begin XCConfigurationList section */
		701FFD3E26E8466F00C47C21 /* Build configuration list for PBXProject "RxMemo" */ = {
			isa = XCConfigurationList;
			buildConfigurations = (
				701FFD5826E8467300C47C21 /* Debug */,
				701FFD5926E8467300C47C21 /* Release */,
			);
			defaultConfigurationIsVisible = 0;
			defaultConfigurationName = Release;
		};
		701FFD5A26E8467300C47C21 /* Build configuration list for PBXNativeTarget "RxMemo" */ = {
			isa = XCConfigurationList;
			buildConfigurations = (
				701FFD5B26E8467300C47C21 /* Debug */,
				701FFD5C26E8467300C47C21 /* Release */,
			);
			defaultConfigurationIsVisible = 0;
			defaultConfigurationName = Release;
		};
/* End XCConfigurationList section */

/* Begin XCVersionGroup section */
		701FFD4F26E8466F00C47C21 /* RxMemo.xcdatamodeld */ = {
			isa = XCVersionGroup;
			children = (
				701FFD5026E8466F00C47C21 /* RxMemo.xcdatamodel */,
			);
			currentVersion = 701FFD5026E8466F00C47C21 /* RxMemo.xcdatamodel */;
			path = RxMemo.xcdatamodeld;
			sourceTree = "<group>";
			versionGroupType = wrapper.xcdatamodel;
		};
/* End XCVersionGroup section */
	};
	rootObject = 701FFD3B26E8466F00C47C21 /* Project object */;
}
